<?xml version="1.0" encoding="utf-8"?>
<Project ToolsVersion="4.0" xmlns="http://schemas.microsoft.com/developer/msbuild/2003">
  <ItemGroup>
    <Filter Include="src">
      <UniqueIdentifier>{cfd3088a-136c-48d7-990c-a1d7b2e0da6d}</UniqueIdentifier>
    </Filter>
    <Filter Include="src\TestCaseModel">
      <UniqueIdentifier>{c4f2a7e8-e74a-4df2-b15f-df39d5ec3a59}</UniqueIdentifier>
    </Filter>
    <Filter Include="src\SUT">
      <UniqueIdentifier>{5c9c0290-3398-44cc-9be2-6d5380db4448}</UniqueIdentifier>
    </Filter>
    <Filter Include="src\FeatureImpl">
      <UniqueIdentifier>{781d30c8-9eb8-484f-a611-37d1538eb031}</UniqueIdentifier>
    </Filter>
    <Filter Include="src\Mock">
      <UniqueIdentifier>{70b9e261-e0a2-4ba1-a7c7-9796796ed9b6}</UniqueIdentifier>
    </Filter>
  </ItemGroup>
  <ItemGroup>
    <ClCompile Include="src\main.cpp">
      <Filter>src</Filter>
    </ClCompile>
    <ClCompile Include="src\TestCaseModel\AbstractTestModel.cpp">
      <Filter>src\TestCaseModel</Filter>
    </ClCompile>
    <ClCompile Include="src\TestCaseModel\GherkinTable.cpp">
      <Filter>src\TestCaseModel</Filter>
    </ClCompile>
    <ClCompile Include="src\TestCaseModel\IndirectFunctionCaller.cpp">
      <Filter>src\TestCaseModel</Filter>
    </ClCompile>
    <ClCompile Include="src\TestCaseModel\NotificationTrace.cpp">
      <Filter>src\TestCaseModel</Filter>
    </ClCompile>
    <ClCompile Include="src\TestCaseModel\StringUtility.cpp">
      <Filter>src\TestCaseModel</Filter>
    </ClCompile>
    <ClCompile Include="src\FeatureImpl\String_calculator_Feature.cpp">
      <Filter>src\FeatureImpl</Filter>
    </ClCompile>
    <ClCompile Include="src\FeatureImpl\String_calculator_Steps.cpp">
      <Filter>src\FeatureImpl</Filter>
    </ClCompile>
    <ClCompile Include="src\FeatureImpl\String_calculator_TestModel.cpp">
      <Filter>src\FeatureImpl</Filter>
    </ClCompile>
    <ClCompile Include="src\SUT\StringCalculator.cpp">
      <Filter>src\SUT</Filter>
    </ClCompile>
  </ItemGroup>
  <ItemGroup>
    <ClInclude Include="src\TestCaseModel\AbstractTestModel.h">
      <Filter>src\TestCaseModel</Filter>
    </ClInclude>
    <ClInclude Include="src\TestCaseModel\FeatureStepArg.h">
      <Filter>src\TestCaseModel</Filter>
    </ClInclude>
    <ClInclude Include="src\TestCaseModel\FeatureStepFunction.h">
      <Filter>src\TestCaseModel</Filter>
    </ClInclude>
    <ClInclude Include="src\TestCaseModel\FeatureStepModel.h">
      <Filter>src\TestCaseModel</Filter>
    </ClInclude>
    <ClInclude Include="src\TestCaseModel\FeatureTestModel.h">
      <Filter>src\TestCaseModel</Filter>
    </ClInclude>
    <ClInclude Include="src\TestCaseModel\GeneralMacro.h">
      <Filter>src\TestCaseModel</Filter>
    </ClInclude>
    <ClInclude Include="src\TestCaseModel\GherkinTable.h">
      <Filter>src\TestCaseModel</Filter>
    </ClInclude>
    <ClInclude Include="src\TestCaseModel\IndirectFunctionCaller.h">
      <Filter>src\TestCaseModel</Filter>
    </ClInclude>
    <ClInclude Include="src\TestCaseModel\IndirectFunctionCallRequest.h">
      <Filter>src\TestCaseModel</Filter>
    </ClInclude>
    <ClInclude Include="src\TestCaseModel\NotificationTrace.h">
      <Filter>src\TestCaseModel</Filter>
    </ClInclude>
    <ClInclude Include="src\TestCaseModel\StringUtility.h">
      <Filter>src\TestCaseModel</Filter>
    </ClInclude>
    <ClInclude Include="src\FeatureImpl\String_calculator_Steps.h">
      <Filter>src\FeatureImpl</Filter>
    </ClInclude>
    <ClInclude Include="src\FeatureImpl\String_calculator_TestModel.h">
      <Filter>src\FeatureImpl</Filter>
    </ClInclude>
    <ClInclude Include="src\TestCaseModel\AbstractNotificationTrace.h">
      <Filter>src\TestCaseModel</Filter>
    </ClInclude>
    <ClInclude Include="src\SUT\StringCalculator.h">
      <Filter>src\SUT</Filter>
    </ClInclude>
    <ClInclude Include="src\SUT\IDisplay.h">
      <Filter>src\SUT</Filter>
    </ClInclude>
    <ClInclude Include="src\Mock\MockDisplay.h">
      <Filter>src\Mock</Filter>
    </ClInclude>
  </ItemGroup>
</Project>